
Microsoft Visual Studio Solution File, Format Version 10.00
# Visual Studio 2008
Project("{F14B399A-7131-4C87-9E4B-1186C45EF12D}") = "ERCOT RollFwd", "ERCOT RollForward Report\ERCOT RollFwd.rptproj", "{70DC3737-DD55-44A5-B521-94694465F9C1}"
EndProject
Global
	GlobalSection(SolutionConfigurationPlatforms) = preSolution
		Debug|Default = Debug|Default
		DebugLocal|Default = DebugLocal|Default
		Release|Default = Release|Default
	EndGlobalSection
	GlobalSection(ProjectConfigurationPlatforms) = postSolution
		{70DC3737-DD55-44A5-B521-94694465F9C1}.Debug|Default.ActiveCfg = Debug
		{70DC3737-DD55-44A5-B521-94694465F9C1}.Debug|Default.Build.0 = DebugLocal
		{70DC3737-DD55-44A5-B521-94694465F9C1}.Debug|Default.Deploy.0 = DebugLocal
		{70DC3737-DD55-44A5-B521-94694465F9C1}.DebugLocal|Default.ActiveCfg = DebugLocal
		{70DC3737-DD55-44A5-B521-94694465F9C1}.DebugLocal|Default.Build.0 = DebugLocal
		{70DC3737-DD55-44A5-B521-94694465F9C1}.Release|Default.ActiveCfg = Release
		{70DC3737-DD55-44A5-B521-94694465F9C1}.Release|Default.Build.0 = Release
		{70DC3737-DD55-44A5-B521-94694465F9C1}.Release|Default.Deploy.0 = Release
	EndGlobalSection
	GlobalSection(SolutionProperties) = preSolution
		HideSolutionNode = FALSE
	EndGlobalSection
EndGlobal
