
Microsoft Visual Studio Solution File, Format Version 10.00
# Visual Studio 2008
Project("{D183A3D8-5FD8-494B-B014-37F57B35E655}") = "HLS Folder", "HLS Folder\HLS Folder.dtproj", "{B0C66365-F66F-4E52-A850-EE2CFBAC6518}"
EndProject
Global
	GlobalSection(SolutionConfigurationPlatforms) = preSolution
		Development|Default = Development|Default
	EndGlobalSection
	GlobalSection(ProjectConfigurationPlatforms) = postSolution
		{B0C66365-F66F-4E52-A850-EE2CFBAC6518}.Development|Default.ActiveCfg = Development
		{B0C66365-F66F-4E52-A850-EE2CFBAC6518}.Development|Default.Build.0 = Development
	EndGlobalSection
	GlobalSection(SolutionProperties) = preSolution
		HideSolutionNode = FALSE
	EndGlobalSection
EndGlobal
